
Microsoft Visual Studio Solution File, Format Version 12.00
# Visual Studio 2012
Project("{FAE04EC0-301F-11D3-BF4B-00C04F79EFBC}") = "EventStuffGenerator", "EventStuffGenerator\EventStuffGenerator.csproj", "{02E4D418-A633-4DE1-B556-57172832EE56}"
EndProject
Global
	GlobalSection(TeamFoundationVersionControl) = preSolution
		SccNumberOfProjects = 2
		SccEnterpriseProvider = {4CA58AB2-18FA-4F8D-95D4-32DDF27D184C}
		SccTeamFoundationServer = https://tfs.codeplex.com/tfs/tfs15
		SccLocalPath0 = .
		SccProjectUniqueName1 = EventStuffGenerator\\EventStuffGenerator.csproj
		SccProjectName1 = EventStuffGenerator
		SccLocalPath1 = EventStuffGenerator
	EndGlobalSection
	GlobalSection(SolutionConfigurationPlatforms) = preSolution
		Debug|Any CPU = Debug|Any CPU
		Release|Any CPU = Release|Any CPU
	EndGlobalSection
	GlobalSection(ProjectConfigurationPlatforms) = postSolution
		{02E4D418-A633-4DE1-B556-57172832EE56}.Debug|Any CPU.ActiveCfg = Debug|Any CPU
		{02E4D418-A633-4DE1-B556-57172832EE56}.Debug|Any CPU.Build.0 = Debug|Any CPU
		{02E4D418-A633-4DE1-B556-57172832EE56}.Release|Any CPU.ActiveCfg = Release|Any CPU
		{02E4D418-A633-4DE1-B556-57172832EE56}.Release|Any CPU.Build.0 = Release|Any CPU
	EndGlobalSection
	GlobalSection(SolutionProperties) = preSolution
		HideSolutionNode = FALSE
	EndGlobalSection
EndGlobal
