
Microsoft Visual Studio Solution File, Format Version 12.00
# Visual Studio Version 16
VisualStudioVersion = 16.0.30225.117
MinimumVisualStudioVersion = 10.0.40219.1
Project("{FAE04EC0-301F-11D3-BF4B-00C04F79EFBC}") = "EventStuffGenerator", "EventStuffGenerator\EventStuffGenerator.csproj", "{02E4D418-A633-4DE1-B556-57172832EE56}"
EndProject
Project("{2150E333-8FDC-42A3-9474-1A3956D46DE8}") = "Files", "Files", "{DD100714-70D0-4681-B420-BE7CDE9DBCF3}"
	ProjectSection(SolutionItems) = preProject
		README.md = README.md
	EndProjectSection
EndProject
Global
	GlobalSection(SolutionConfigurationPlatforms) = preSolution
		Debug|Any CPU = Debug|Any CPU
		Release|Any CPU = Release|Any CPU
	EndGlobalSection
	GlobalSection(ProjectConfigurationPlatforms) = postSolution
		{02E4D418-A633-4DE1-B556-57172832EE56}.Debug|Any CPU.ActiveCfg = Debug|Any CPU
		{02E4D418-A633-4DE1-B556-57172832EE56}.Debug|Any CPU.Build.0 = Debug|Any CPU
		{02E4D418-A633-4DE1-B556-57172832EE56}.Release|Any CPU.ActiveCfg = Release|Any CPU
		{02E4D418-A633-4DE1-B556-57172832EE56}.Release|Any CPU.Build.0 = Release|Any CPU
	EndGlobalSection
	GlobalSection(SolutionProperties) = preSolution
		HideSolutionNode = FALSE
	EndGlobalSection
	GlobalSection(ExtensibilityGlobals) = postSolution
		SolutionGuid = {B57E57D6-BCAD-420D-9072-84254C0BC5A7}
	EndGlobalSection
EndGlobal
